
Microsoft Visual Studio Solution File, Format Version 12.00
# Visual Studio 15
VisualStudioVersion = 15.0.26730.12
MinimumVisualStudioVersion = 10.0.40219.1
Project("{9A19103F-16F7-4668-BE54-9A1E7A4F7556}") = "Toolset", "src\Toolset\Toolset.csproj", "{EE82245E-2724-4073-947D-A1BBA0955D7F}"
EndProject
Project("{9A19103F-16F7-4668-BE54-9A1E7A4F7556}") = "Toolset.Sequel", "src\Toolset.Sequel\Toolset.Sequel.csproj", "{96270BEA-C95D-4DA6-B415-82065B83A283}"
EndProject
Project("{9A19103F-16F7-4668-BE54-9A1E7A4F7556}") = "Toolset.Serialization", "src\Toolset.Serialization\Toolset.Serialization.csproj", "{82D1F421-1E86-4724-BA07-54D6AFEA8768}"
EndProject
Project("{9A19103F-16F7-4668-BE54-9A1E7A4F7556}") = "Toolset.Text.Template", "src\Toolset.Text.Template\Toolset.Text.Template.csproj", "{3843ECD4-D55F-49F1-83EC-423463F4E295}"
EndProject
Project("{9A19103F-16F7-4668-BE54-9A1E7A4F7556}") = "Paper.Core", "src\Paper.Core\Paper.Core.csproj", "{4717C27A-B1DD-4797-97AC-E4C33F80A798}"
EndProject
Project("{9A19103F-16F7-4668-BE54-9A1E7A4F7556}") = "Paper.Host", "src\Paper.Host\Paper.Host.csproj", "{96F642CE-C7F9-4B8C-A8B9-E8D6EC24FCC6}"
EndProject
Project("{9A19103F-16F7-4668-BE54-9A1E7A4F7556}") = "Paper.Media", "src\Paper.Media\Paper.Media.csproj", "{A1463E32-8E17-413B-A32D-EA942C6F1FB8}"
EndProject
Global
	GlobalSection(SolutionConfigurationPlatforms) = preSolution
		Debug|Any CPU = Debug|Any CPU
		Release|Any CPU = Release|Any CPU
	EndGlobalSection
	GlobalSection(ProjectConfigurationPlatforms) = postSolution
		{EE82245E-2724-4073-947D-A1BBA0955D7F}.Debug|Any CPU.ActiveCfg = Debug|Any CPU
		{EE82245E-2724-4073-947D-A1BBA0955D7F}.Debug|Any CPU.Build.0 = Debug|Any CPU
		{EE82245E-2724-4073-947D-A1BBA0955D7F}.Release|Any CPU.ActiveCfg = Release|Any CPU
		{EE82245E-2724-4073-947D-A1BBA0955D7F}.Release|Any CPU.Build.0 = Release|Any CPU
		{96270BEA-C95D-4DA6-B415-82065B83A283}.Debug|Any CPU.ActiveCfg = Debug|Any CPU
		{96270BEA-C95D-4DA6-B415-82065B83A283}.Debug|Any CPU.Build.0 = Debug|Any CPU
		{96270BEA-C95D-4DA6-B415-82065B83A283}.Release|Any CPU.ActiveCfg = Release|Any CPU
		{96270BEA-C95D-4DA6-B415-82065B83A283}.Release|Any CPU.Build.0 = Release|Any CPU
		{82D1F421-1E86-4724-BA07-54D6AFEA8768}.Debug|Any CPU.ActiveCfg = Debug|Any CPU
		{82D1F421-1E86-4724-BA07-54D6AFEA8768}.Debug|Any CPU.Build.0 = Debug|Any CPU
		{82D1F421-1E86-4724-BA07-54D6AFEA8768}.Release|Any CPU.ActiveCfg = Release|Any CPU
		{82D1F421-1E86-4724-BA07-54D6AFEA8768}.Release|Any CPU.Build.0 = Release|Any CPU
		{3843ECD4-D55F-49F1-83EC-423463F4E295}.Debug|Any CPU.ActiveCfg = Debug|Any CPU
		{3843ECD4-D55F-49F1-83EC-423463F4E295}.Debug|Any CPU.Build.0 = Debug|Any CPU
		{3843ECD4-D55F-49F1-83EC-423463F4E295}.Release|Any CPU.ActiveCfg = Release|Any CPU
		{3843ECD4-D55F-49F1-83EC-423463F4E295}.Release|Any CPU.Build.0 = Release|Any CPU
		{4717C27A-B1DD-4797-97AC-E4C33F80A798}.Debug|Any CPU.ActiveCfg = Debug|Any CPU
		{4717C27A-B1DD-4797-97AC-E4C33F80A798}.Debug|Any CPU.Build.0 = Debug|Any CPU
		{4717C27A-B1DD-4797-97AC-E4C33F80A798}.Release|Any CPU.ActiveCfg = Release|Any CPU
		{4717C27A-B1DD-4797-97AC-E4C33F80A798}.Release|Any CPU.Build.0 = Release|Any CPU
		{96F642CE-C7F9-4B8C-A8B9-E8D6EC24FCC6}.Debug|Any CPU.ActiveCfg = Debug|Any CPU
		{96F642CE-C7F9-4B8C-A8B9-E8D6EC24FCC6}.Debug|Any CPU.Build.0 = Debug|Any CPU
		{96F642CE-C7F9-4B8C-A8B9-E8D6EC24FCC6}.Release|Any CPU.ActiveCfg = Release|Any CPU
		{96F642CE-C7F9-4B8C-A8B9-E8D6EC24FCC6}.Release|Any CPU.Build.0 = Release|Any CPU
		{A1463E32-8E17-413B-A32D-EA942C6F1FB8}.Debug|Any CPU.ActiveCfg = Debug|Any CPU
		{A1463E32-8E17-413B-A32D-EA942C6F1FB8}.Debug|Any CPU.Build.0 = Debug|Any CPU
		{A1463E32-8E17-413B-A32D-EA942C6F1FB8}.Release|Any CPU.ActiveCfg = Release|Any CPU
		{A1463E32-8E17-413B-A32D-EA942C6F1FB8}.Release|Any CPU.Build.0 = Release|Any CPU
	EndGlobalSection
	GlobalSection(SolutionProperties) = preSolution
		HideSolutionNode = FALSE
	EndGlobalSection
	GlobalSection(ExtensibilityGlobals) = postSolution
		SolutionGuid = {BFDF9B8E-0286-4B26-BD6B-0213BB8E5A3A}
	EndGlobalSection
EndGlobal
